// !$*UTF8*$!
{
	archiveVersion = 1;
	classes = {
	};
	objectVersion = 46;
	objects = {

/* Begin PBXBuildFile section */
		FE3DC3911E25349F000B1B06 /* sgablec_lab08_q2.cpp in Sources */ = {isa = PBXBuildFile; fileRef = FE3DC38F1E25349F000B1B06 /* sgablec_lab08_q2.cpp */; };
		FE3DC3921E25349F000B1B06 /* sgablec_lab08_q1.cpp in Sources */ = {isa = PBXBuildFile; fileRef = FE3DC3901E25349F000B1B06 /* sgablec_lab08_q1.cpp */; };
		FE3DC3961E2534C8000B1B06 /* sgablec_lab07_q2.cpp in Sources */ = {isa = PBXBuildFile; fileRef = FE3DC3931E2534C8000B1B06 /* sgablec_lab07_q2.cpp */; };
		FE3DC3971E2534C8000B1B06 /* sgablec_lab07_q1.cpp in Sources */ = {isa = PBXBuildFile; fileRef = FE3DC3941E2534C8000B1B06 /* sgablec_lab07_q1.cpp */; };
		FE3DC3981E2534C8000B1B06 /* sgablec_lab07_q3.cpp in Sources */ = {isa = PBXBuildFile; fileRef = FE3DC3951E2534C8000B1B06 /* sgablec_lab07_q3.cpp */; };
		FE3DC39C1E2534E1000B1B06 /* sgablec_lab06_q2.cp in Sources */ = {isa = PBXBuildFile; fileRef = FE3DC3991E2534E1000B1B06 /* sgablec_lab06_q2.cp */; };
		FE3DC39D1E2534E1000B1B06 /* sgablec_lab06_q3.cp in Sources */ = {isa = PBXBuildFile; fileRef = FE3DC39A1E2534E1000B1B06 /* sgablec_lab06_q3.cp */; };
		FE3DC39E1E2534E1000B1B06 /* sgablec_lab06_q1.cp in Sources */ = {isa = PBXBuildFile; fileRef = FE3DC39B1E2534E1000B1B06 /* sgablec_lab06_q1.cp */; };
		FE3DC3A21E2534EE000B1B06 /* sgablec_lab05_q2.cpp in Sources */ = {isa = PBXBuildFile; fileRef = FE3DC39F1E2534EE000B1B06 /* sgablec_lab05_q2.cpp */; };
		FE3DC3A31E2534EE000B1B06 /* sgablec_lab05_q3.cpp in Sources */ = {isa = PBXBuildFile; fileRef = FE3DC3A01E2534EE000B1B06 /* sgablec_lab05_q3.cpp */; };
		FE3DC3A41E2534EE000B1B06 /* sgablec_lab05_q1.cpp in Sources */ = {isa = PBXBuildFile; fileRef = FE3DC3A11E2534EE000B1B06 /* sgablec_lab05_q1.cpp */; };
		FE3DC3A71E2534FA000B1B06 /* sgablec_lab04_q2.cpp in Sources */ = {isa = PBXBuildFile; fileRef = FE3DC3A51E2534FA000B1B06 /* sgablec_lab04_q2.cpp */; };
		FE3DC3A81E2534FA000B1B06 /* sgablec_lab04_q1.cpp in Sources */ = {isa = PBXBuildFile; fileRef = FE3DC3A61E2534FA000B1B06 /* sgablec_lab04_q1.cpp */; };
		FE3DC3AA1E253591000B1B06 /* sgablec_lab03_q1.cp in Sources */ = {isa = PBXBuildFile; fileRef = FE3DC3A91E253591000B1B06 /* sgablec_lab03_q1.cp */; };
		FE3DC3AE1E253624000B1B06 /* sgablec_lab03_q2.cp in Sources */ = {isa = PBXBuildFile; fileRef = FE3DC3AD1E253624000B1B06 /* sgablec_lab03_q2.cp */; };
/* End PBXBuildFile section */

/* Begin PBXCopyFilesBuildPhase section */
		FEFE5B791D9AAD7D0045D3A4 /* CopyFiles */ = {
			isa = PBXCopyFilesBuildPhase;
			buildActionMask = 2147483647;
			dstPath = /usr/share/man/man1/;
			dstSubfolderSpec = 0;
			files = (
			);
			runOnlyForDeploymentPostprocessing = 1;
		};
/* End PBXCopyFilesBuildPhase section */

/* Begin PBXFileReference section */
		FE3DC38F1E25349F000B1B06 /* sgablec_lab08_q2.cpp */ = {isa = PBXFileReference; fileEncoding = 4; lastKnownFileType = sourcecode.cpp.cpp; name = sgablec_lab08_q2.cpp; path = Lab00/sgablec_lab08_q2.cpp; sourceTree = "<group>"; };
		FE3DC3901E25349F000B1B06 /* sgablec_lab08_q1.cpp */ = {isa = PBXFileReference; fileEncoding = 4; lastKnownFileType = sourcecode.cpp.cpp; name = sgablec_lab08_q1.cpp; path = Lab00/sgablec_lab08_q1.cpp; sourceTree = "<group>"; };
		FE3DC3931E2534C8000B1B06 /* sgablec_lab07_q2.cpp */ = {isa = PBXFileReference; fileEncoding = 4; lastKnownFileType = sourcecode.cpp.cpp; name = sgablec_lab07_q2.cpp; path = Lab00/sgablec_lab07_q2.cpp; sourceTree = "<group>"; };
		FE3DC3941E2534C8000B1B06 /* sgablec_lab07_q1.cpp */ = {isa = PBXFileReference; fileEncoding = 4; lastKnownFileType = sourcecode.cpp.cpp; name = sgablec_lab07_q1.cpp; path = Lab00/sgablec_lab07_q1.cpp; sourceTree = "<group>"; };
		FE3DC3951E2534C8000B1B06 /* sgablec_lab07_q3.cpp */ = {isa = PBXFileReference; fileEncoding = 4; lastKnownFileType = sourcecode.cpp.cpp; name = sgablec_lab07_q3.cpp; path = Lab00/sgablec_lab07_q3.cpp; sourceTree = "<group>"; };
		FE3DC3991E2534E1000B1B06 /* sgablec_lab06_q2.cp */ = {isa = PBXFileReference; fileEncoding = 4; lastKnownFileType = sourcecode.cpp.cpp; name = sgablec_lab06_q2.cp; path = Lab00/sgablec_lab06_q2.cp; sourceTree = "<group>"; };
		FE3DC39A1E2534E1000B1B06 /* sgablec_lab06_q3.cp */ = {isa = PBXFileReference; fileEncoding = 4; lastKnownFileType = sourcecode.cpp.cpp; name = sgablec_lab06_q3.cp; path = Lab00/sgablec_lab06_q3.cp; sourceTree = "<group>"; };
		FE3DC39B1E2534E1000B1B06 /* sgablec_lab06_q1.cp */ = {isa = PBXFileReference; fileEncoding = 4; lastKnownFileType = sourcecode.cpp.cpp; name = sgablec_lab06_q1.cp; path = Lab00/sgablec_lab06_q1.cp; sourceTree = "<group>"; };
		FE3DC39F1E2534EE000B1B06 /* sgablec_lab05_q2.cpp */ = {isa = PBXFileReference; fileEncoding = 4; lastKnownFileType = sourcecode.cpp.cpp; name = sgablec_lab05_q2.cpp; path = Lab00/sgablec_lab05_q2.cpp; sourceTree = "<group>"; };
		FE3DC3A01E2534EE000B1B06 /* sgablec_lab05_q3.cpp */ = {isa = PBXFileReference; fileEncoding = 4; lastKnownFileType = sourcecode.cpp.cpp; name = sgablec_lab05_q3.cpp; path = Lab00/sgablec_lab05_q3.cpp; sourceTree = "<group>"; };
		FE3DC3A11E2534EE000B1B06 /* sgablec_lab05_q1.cpp */ = {isa = PBXFileReference; fileEncoding = 4; lastKnownFileType = sourcecode.cpp.cpp; name = sgablec_lab05_q1.cpp; path = Lab00/sgablec_lab05_q1.cpp; sourceTree = "<group>"; };
		FE3DC3A51E2534FA000B1B06 /* sgablec_lab04_q2.cpp */ = {isa = PBXFileReference; fileEncoding = 4; lastKnownFileType = sourcecode.cpp.cpp; name = sgablec_lab04_q2.cpp; path = Lab00/sgablec_lab04_q2.cpp; sourceTree = "<group>"; };
		FE3DC3A61E2534FA000B1B06 /* sgablec_lab04_q1.cpp */ = {isa = PBXFileReference; fileEncoding = 4; lastKnownFileType = sourcecode.cpp.cpp; name = sgablec_lab04_q1.cpp; path = Lab00/sgablec_lab04_q1.cpp; sourceTree = "<group>"; };
		FE3DC3A91E253591000B1B06 /* sgablec_lab03_q1.cp */ = {isa = PBXFileReference; fileEncoding = 4; lastKnownFileType = sourcecode.cpp.cpp; path = sgablec_lab03_q1.cp; sourceTree = "<group>"; };
		FE3DC3AD1E253624000B1B06 /* sgablec_lab03_q2.cp */ = {isa = PBXFileReference; fileEncoding = 4; lastKnownFileType = sourcecode.cpp.cpp; path = sgablec_lab03_q2.cp; sourceTree = "<group>"; };
		FEFE5B7B1D9AAD7D0045D3A4 /* Lab00 */ = {isa = PBXFileReference; explicitFileType = "compiled.mach-o.executable"; includeInIndex = 0; path = Lab00; sourceTree = BUILT_PRODUCTS_DIR; };
/* End PBXFileReference section */

/* Begin PBXFrameworksBuildPhase section */
		FEFE5B781D9AAD7D0045D3A4 /* Frameworks */ = {
			isa = PBXFrameworksBuildPhase;
			buildActionMask = 2147483647;
			files = (
			);
			runOnlyForDeploymentPostprocessing = 0;
		};
/* End PBXFrameworksBuildPhase section */

/* Begin PBXGroup section */
		FE3DC3871E2533F2000B1B06 /* Lab01 */ = {
			isa = PBXGroup;
			children = (
			);
			name = Lab01;
			sourceTree = "<group>";
		};
		FE3DC3881E2533FC000B1B06 /* Lab02 */ = {
			isa = PBXGroup;
			children = (
			);
			name = Lab02;
			sourceTree = "<group>";
		};
		FE3DC3891E253404000B1B06 /* Lab03 */ = {
			isa = PBXGroup;
			children = (
				FE3DC3A91E253591000B1B06 /* sgablec_lab03_q1.cp */,
				FE3DC3AD1E253624000B1B06 /* sgablec_lab03_q2.cp */,
			);
			name = Lab03;
			sourceTree = "<group>";
		};
		FE3DC38A1E25340B000B1B06 /* Lab04 */ = {
			isa = PBXGroup;
			children = (
				FE3DC3A51E2534FA000B1B06 /* sgablec_lab04_q2.cpp */,
				FE3DC3A61E2534FA000B1B06 /* sgablec_lab04_q1.cpp */,
			);
			name = Lab04;
			sourceTree = "<group>";
		};
		FE3DC38B1E253411000B1B06 /* Lab05 */ = {
			isa = PBXGroup;
			children = (
				FE3DC39F1E2534EE000B1B06 /* sgablec_lab05_q2.cpp */,
				FE3DC3A01E2534EE000B1B06 /* sgablec_lab05_q3.cpp */,
				FE3DC3A11E2534EE000B1B06 /* sgablec_lab05_q1.cpp */,
			);
			name = Lab05;
			sourceTree = "<group>";
		};
		FE3DC38C1E253464000B1B06 /* Lab06 */ = {
			isa = PBXGroup;
			children = (
				FE3DC3991E2534E1000B1B06 /* sgablec_lab06_q2.cp */,
				FE3DC39A1E2534E1000B1B06 /* sgablec_lab06_q3.cp */,
				FE3DC39B1E2534E1000B1B06 /* sgablec_lab06_q1.cp */,
			);
			name = Lab06;
			sourceTree = "<group>";
		};
		FE3DC38D1E25346C000B1B06 /* Lab07 */ = {
			isa = PBXGroup;
			children = (
				FE3DC3931E2534C8000B1B06 /* sgablec_lab07_q2.cpp */,
				FE3DC3941E2534C8000B1B06 /* sgablec_lab07_q1.cpp */,
				FE3DC3951E2534C8000B1B06 /* sgablec_lab07_q3.cpp */,
			);
			name = Lab07;
			sourceTree = "<group>";
		};
		FE3DC38E1E253475000B1B06 /* Lab08 */ = {
			isa = PBXGroup;
			children = (
				FE3DC38F1E25349F000B1B06 /* sgablec_lab08_q2.cpp */,
				FE3DC3901E25349F000B1B06 /* sgablec_lab08_q1.cpp */,
			);
			name = Lab08;
			sourceTree = "<group>";
		};
		FEFE5B721D9AAD7C0045D3A4 = {
			isa = PBXGroup;
			children = (
				FE3DC38E1E253475000B1B06 /* Lab08 */,
				FE3DC38D1E25346C000B1B06 /* Lab07 */,
				FE3DC38C1E253464000B1B06 /* Lab06 */,
				FE3DC38B1E253411000B1B06 /* Lab05 */,
				FE3DC38A1E25340B000B1B06 /* Lab04 */,
				FE3DC3891E253404000B1B06 /* Lab03 */,
				FE3DC3881E2533FC000B1B06 /* Lab02 */,
				FE3DC3871E2533F2000B1B06 /* Lab01 */,
				FEFE5B7D1D9AAD7D0045D3A4 /* Lab00 */,
				FEFE5B7C1D9AAD7D0045D3A4 /* Products */,
			);
			sourceTree = "<group>";
		};
		FEFE5B7C1D9AAD7D0045D3A4 /* Products */ = {
			isa = PBXGroup;
			children = (
				FEFE5B7B1D9AAD7D0045D3A4 /* Lab00 */,
			);
			name = Products;
			sourceTree = "<group>";
		};
		FEFE5B7D1D9AAD7D0045D3A4 /* Lab00 */ = {
			isa = PBXGroup;
			children = (
			);
			path = Lab00;
			sourceTree = "<group>";
		};
/* End PBXGroup section */

/* Begin PBXNativeTarget section */
		FEFE5B7A1D9AAD7D0045D3A4 /* Lab00 */ = {
			isa = PBXNativeTarget;
			buildConfigurationList = FEFE5B821D9AAD7D0045D3A4 /* Build configuration list for PBXNativeTarget "Lab00" */;
			buildPhases = (
				FEFE5B771D9AAD7D0045D3A4 /* Sources */,
				FEFE5B781D9AAD7D0045D3A4 /* Frameworks */,
				FEFE5B791D9AAD7D0045D3A4 /* CopyFiles */,
			);
			buildRules = (
			);
			dependencies = (
			);
			name = Lab00;
			productName = Lab00;
			productReference = FEFE5B7B1D9AAD7D0045D3A4 /* Lab00 */;
			productType = "com.apple.product-type.tool";
		};
/* End PBXNativeTarget section */

/* Begin PBXProject section */
		FEFE5B731D9AAD7C0045D3A4 /* Project object */ = {
			isa = PBXProject;
			attributes = {
				LastUpgradeCheck = 0730;
				ORGANIZATIONNAME = "Spencer Cook";
				TargetAttributes = {
					FEFE5B7A1D9AAD7D0045D3A4 = {
						CreatedOnToolsVersion = 7.3.1;
					};
				};
			};
			buildConfigurationList = FEFE5B761D9AAD7D0045D3A4 /* Build configuration list for PBXProject "Lab00" */;
			compatibilityVersion = "Xcode 3.2";
			developmentRegion = English;
			hasScannedForEncodings = 0;
			knownRegions = (
				en,
			);
			mainGroup = FEFE5B721D9AAD7C0045D3A4;
			productRefGroup = FEFE5B7C1D9AAD7D0045D3A4 /* Products */;
			projectDirPath = "";
			projectRoot = "";
			targets = (
				FEFE5B7A1D9AAD7D0045D3A4 /* Lab00 */,
			);
		};
/* End PBXProject section */

/* Begin PBXSourcesBuildPhase section */
		FEFE5B771D9AAD7D0045D3A4 /* Sources */ = {
			isa = PBXSourcesBuildPhase;
			buildActionMask = 2147483647;
			files = (
				FE3DC3971E2534C8000B1B06 /* sgablec_lab07_q1.cpp in Sources */,
				FE3DC3A21E2534EE000B1B06 /* sgablec_lab05_q2.cpp in Sources */,
				FE3DC3A31E2534EE000B1B06 /* sgablec_lab05_q3.cpp in Sources */,
				FE3DC3AE1E253624000B1B06 /* sgablec_lab03_q2.cp in Sources */,
				FE3DC3961E2534C8000B1B06 /* sgablec_lab07_q2.cpp in Sources */,
				FE3DC39E1E2534E1000B1B06 /* sgablec_lab06_q1.cp in Sources */,
				FE3DC3981E2534C8000B1B06 /* sgablec_lab07_q3.cpp in Sources */,
				FE3DC3A81E2534FA000B1B06 /* sgablec_lab04_q1.cpp in Sources */,
				FE3DC3A71E2534FA000B1B06 /* sgablec_lab04_q2.cpp in Sources */,
				FE3DC39C1E2534E1000B1B06 /* sgablec_lab06_q2.cp in Sources */,
				FE3DC3AA1E253591000B1B06 /* sgablec_lab03_q1.cp in Sources */,
				FE3DC3911E25349F000B1B06 /* sgablec_lab08_q2.cpp in Sources */,
				FE3DC3A41E2534EE000B1B06 /* sgablec_lab05_q1.cpp in Sources */,
				FE3DC3921E25349F000B1B06 /* sgablec_lab08_q1.cpp in Sources */,
				FE3DC39D1E2534E1000B1B06 /* sgablec_lab06_q3.cp in Sources */,
			);
			runOnlyForDeploymentPostprocessing = 0;
		};
/* End PBXSourcesBuildPhase section */

/* Begin XCBuildConfiguration section */
		FEFE5B801D9AAD7D0045D3A4 /* Debug */ = {
			isa = XCBuildConfiguration;
			buildSettings = {
				ALWAYS_SEARCH_USER_PATHS = NO;
				CLANG_ANALYZER_NONNULL = YES;
				CLANG_CXX_LANGUAGE_STANDARD = "gnu++0x";
				CLANG_CXX_LIBRARY = "libc++";
				CLANG_ENABLE_MODULES = YES;
				CLANG_ENABLE_OBJC_ARC = YES;
				CLANG_WARN_BOOL_CONVERSION = YES;
				CLANG_WARN_CONSTANT_CONVERSION = YES;
				CLANG_WARN_DIRECT_OBJC_ISA_USAGE = YES_ERROR;
				CLANG_WARN_EMPTY_BODY = YES;
				CLANG_WARN_ENUM_CONVERSION = YES;
				CLANG_WARN_INT_CONVERSION = YES;
				CLANG_WARN_OBJC_ROOT_CLASS = YES_ERROR;
				CLANG_WARN_UNREACHABLE_CODE = YES;
				CLANG_WARN__DUPLICATE_METHOD_MATCH = YES;
				CODE_SIGN_IDENTITY = "-";
				COPY_PHASE_STRIP = NO;
				DEBUG_INFORMATION_FORMAT = dwarf;
				ENABLE_STRICT_OBJC_MSGSEND = YES;
				ENABLE_TESTABILITY = YES;
				GCC_C_LANGUAGE_STANDARD = gnu99;
				GCC_DYNAMIC_NO_PIC = NO;
				GCC_NO_COMMON_BLOCKS = YES;
				GCC_OPTIMIZATION_LEVEL = 0;
				GCC_PREPROCESSOR_DEFINITIONS = (
					"DEBUG=1",
					"$(inherited)",
				);
				GCC_WARN_64_TO_32_BIT_CONVERSION = YES;
				GCC_WARN_ABOUT_RETURN_TYPE = YES_ERROR;
				GCC_WARN_UNDECLARED_SELECTOR = YES;
				GCC_WARN_UNINITIALIZED_AUTOS = YES_AGGRESSIVE;
				GCC_WARN_UNUSED_FUNCTION = YES;
				GCC_WARN_UNUSED_VARIABLE = YES;
				MACOSX_DEPLOYMENT_TARGET = 10.11;
				MTL_ENABLE_DEBUG_INFO = YES;
				ONLY_ACTIVE_ARCH = YES;
				SDKROOT = macosx;
			};
			name = Debug;
		};
		FEFE5B811D9AAD7D0045D3A4 /* Release */ = {
			isa = XCBuildConfiguration;
			buildSettings = {
				ALWAYS_SEARCH_USER_PATHS = NO;
				CLANG_ANALYZER_NONNULL = YES;
				CLANG_CXX_LANGUAGE_STANDARD = "gnu++0x";
				CLANG_CXX_LIBRARY = "libc++";
				CLANG_ENABLE_MODULES = YES;
				CLANG_ENABLE_OBJC_ARC = YES;
				CLANG_WARN_BOOL_CONVERSION = YES;
				CLANG_WARN_CONSTANT_CONVERSION = YES;
				CLANG_WARN_DIRECT_OBJC_ISA_USAGE = YES_ERROR;
				CLANG_WARN_EMPTY_BODY = YES;
				CLANG_WARN_ENUM_CONVERSION = YES;
				CLANG_WARN_INT_CONVERSION = YES;
				CLANG_WARN_OBJC_ROOT_CLASS = YES_ERROR;
				CLANG_WARN_UNREACHABLE_CODE = YES;
				CLANG_WARN__DUPLICATE_METHOD_MATCH = YES;
				CODE_SIGN_IDENTITY = "-";
				COPY_PHASE_STRIP = NO;
				DEBUG_INFORMATION_FORMAT = "dwarf-with-dsym";
				ENABLE_NS_ASSERTIONS = NO;
				ENABLE_STRICT_OBJC_MSGSEND = YES;
				GCC_C_LANGUAGE_STANDARD = gnu99;
				GCC_NO_COMMON_BLOCKS = YES;
				GCC_WARN_64_TO_32_BIT_CONVERSION = YES;
				GCC_WARN_ABOUT_RETURN_TYPE = YES_ERROR;
				GCC_WARN_UNDECLARED_SELECTOR = YES;
				GCC_WARN_UNINITIALIZED_AUTOS = YES_AGGRESSIVE;
				GCC_WARN_UNUSED_FUNCTION = YES;
				GCC_WARN_UNUSED_VARIABLE = YES;
				MACOSX_DEPLOYMENT_TARGET = 10.11;
				MTL_ENABLE_DEBUG_INFO = NO;
				SDKROOT = macosx;
			};
			name = Release;
		};
		FEFE5B831D9AAD7D0045D3A4 /* Debug */ = {
			isa = XCBuildConfiguration;
			buildSettings = {
				PRODUCT_NAME = "$(TARGET_NAME)";
			};
			name = Debug;
		};
		FEFE5B841D9AAD7D0045D3A4 /* Release */ = {
			isa = XCBuildConfiguration;
			buildSettings = {
				PRODUCT_NAME = "$(TARGET_NAME)";
			};
			name = Release;
		};
/* End XCBuildConfiguration section */

/* Begin XCConfigurationList section */
		FEFE5B761D9AAD7D0045D3A4 /* Build configuration list for PBXProject "Lab00" */ = {
			isa = XCConfigurationList;
			buildConfigurations = (
				FEFE5B801D9AAD7D0045D3A4 /* Debug */,
				FEFE5B811D9AAD7D0045D3A4 /* Release */,
			);
			defaultConfigurationIsVisible = 0;
			defaultConfigurationName = Release;
		};
		FEFE5B821D9AAD7D0045D3A4 /* Build configuration list for PBXNativeTarget "Lab00" */ = {
			isa = XCConfigurationList;
			buildConfigurations = (
				FEFE5B831D9AAD7D0045D3A4 /* Debug */,
				FEFE5B841D9AAD7D0045D3A4 /* Release */,
			);
			defaultConfigurationIsVisible = 0;
			defaultConfigurationName = Release;
		};
/* End XCConfigurationList section */
	};
	rootObject = FEFE5B731D9AAD7C0045D3A4 /* Project object */;
}
